// !$*UTF8*$!
{
	archiveVersion = 1;
	classes = {
	};
	objectVersion = 50;
	objects = {

/* Begin PBXBuildFile section */
		8430CE662430B19000A5C9AB /* AppDelegate.swift in Sources */ = {isa = PBXBuildFile; fileRef = 8430CE652430B19000A5C9AB /* AppDelegate.swift */; };
		8430CE682430B19000A5C9AB /* ViewController.swift in Sources */ = {isa = PBXBuildFile; fileRef = 8430CE672430B19000A5C9AB /* ViewController.swift */; };
		8430CE6A2430B19000A5C9AB /* Document.swift in Sources */ = {isa = PBXBuildFile; fileRef = 8430CE692430B19000A5C9AB /* Document.swift */; };
		8430CE6C2430B19000A5C9AB /* Assets.xcassets in Resources */ = {isa = PBXBuildFile; fileRef = 8430CE6B2430B19000A5C9AB /* Assets.xcassets */; };
		8430CE782430B20600A5C9AB /* Main.storyboard in Resources */ = {isa = PBXBuildFile; fileRef = 8430CE772430B20600A5C9AB /* Main.storyboard */; };
		8430CE7A2430B4E600A5C9AB /* fonts in Resources */ = {isa = PBXBuildFile; fileRef = 8430CE792430B4E600A5C9AB /* fonts */; };
/* End PBXBuildFile section */

/* Begin PBXFileReference section */
		8430CE622430B19000A5C9AB /* Screenable.app */ = {isa = PBXFileReference; explicitFileType = wrapper.application; includeInIndex = 0; path = Screenable.app; sourceTree = BUILT_PRODUCTS_DIR; };
		8430CE652430B19000A5C9AB /* AppDelegate.swift */ = {isa = PBXFileReference; lastKnownFileType = sourcecode.swift; path = AppDelegate.swift; sourceTree = "<group>"; };
		8430CE672430B19000A5C9AB /* ViewController.swift */ = {isa = PBXFileReference; lastKnownFileType = sourcecode.swift; path = ViewController.swift; sourceTree = "<group>"; };
		8430CE692430B19000A5C9AB /* Document.swift */ = {isa = PBXFileReference; lastKnownFileType = sourcecode.swift; path = Document.swift; sourceTree = "<group>"; };
		8430CE6B2430B19000A5C9AB /* Assets.xcassets */ = {isa = PBXFileReference; lastKnownFileType = folder.assetcatalog; path = Assets.xcassets; sourceTree = "<group>"; };
		8430CE702430B19000A5C9AB /* Info.plist */ = {isa = PBXFileReference; lastKnownFileType = text.plist.xml; path = Info.plist; sourceTree = "<group>"; };
		8430CE712430B19000A5C9AB /* Screenable.entitlements */ = {isa = PBXFileReference; lastKnownFileType = text.plist.entitlements; path = Screenable.entitlements; sourceTree = "<group>"; };
		8430CE772430B20600A5C9AB /* Main.storyboard */ = {isa = PBXFileReference; fileEncoding = 4; lastKnownFileType = file.storyboard; path = Main.storyboard; sourceTree = "<group>"; };
		8430CE792430B4E600A5C9AB /* fonts */ = {isa = PBXFileReference; fileEncoding = 4; lastKnownFileType = text; path = fonts; sourceTree = "<group>"; };
/* End PBXFileReference section */

/* Begin PBXFrameworksBuildPhase section */
		8430CE5F2430B19000A5C9AB /* Frameworks */ = {
			isa = PBXFrameworksBuildPhase;
			buildActionMask = 2147483647;
			files = (
			);
			runOnlyForDeploymentPostprocessing = 0;
		};
/* End PBXFrameworksBuildPhase section */

/* Begin PBXGroup section */
		8430CE592430B18F00A5C9AB = {
			isa = PBXGroup;
			children = (
				8430CE642430B19000A5C9AB /* Screenable */,
				8430CE632430B19000A5C9AB /* Products */,
			);
			sourceTree = "<group>";
		};
		8430CE632430B19000A5C9AB /* Products */ = {
			isa = PBXGroup;
			children = (
				8430CE622430B19000A5C9AB /* Screenable.app */,
			);
			name = Products;
			sourceTree = "<group>";
		};
		8430CE642430B19000A5C9AB /* Screenable */ = {
			isa = PBXGroup;
			children = (
				8430CE652430B19000A5C9AB /* AppDelegate.swift */,
				8430CE672430B19000A5C9AB /* ViewController.swift */,
				8430CE772430B20600A5C9AB /* Main.storyboard */,
				8430CE692430B19000A5C9AB /* Document.swift */,
				8430CE6B2430B19000A5C9AB /* Assets.xcassets */,
				8430CE702430B19000A5C9AB /* Info.plist */,
				8430CE792430B4E600A5C9AB /* fonts */,
				8430CE712430B19000A5C9AB /* Screenable.entitlements */,
			);
			path = Screenable;
			sourceTree = "<group>";
		};
/* End PBXGroup section */

/* Begin PBXNativeTarget section */
		8430CE612430B19000A5C9AB /* Screenable */ = {
			isa = PBXNativeTarget;
			buildConfigurationList = 8430CE742430B19000A5C9AB /* Build configuration list for PBXNativeTarget "Screenable" */;
			buildPhases = (
				8430CE5E2430B19000A5C9AB /* Sources */,
				8430CE5F2430B19000A5C9AB /* Frameworks */,
				8430CE602430B19000A5C9AB /* Resources */,
			);
			buildRules = (
			);
			dependencies = (
			);
			name = Screenable;
			productName = Screenable;
			productReference = 8430CE622430B19000A5C9AB /* Screenable.app */;
			productType = "com.apple.product-type.application";
		};
/* End PBXNativeTarget section */

/* Begin PBXProject section */
		8430CE5A2430B18F00A5C9AB /* Project object */ = {
			isa = PBXProject;
			attributes = {
				LastSwiftUpdateCheck = 1130;
				LastUpgradeCheck = 1140;
				ORGANIZATIONNAME = "ruas vivien";
				TargetAttributes = {
					8430CE612430B19000A5C9AB = {
						CreatedOnToolsVersion = 11.3.1;
					};
				};
			};
			buildConfigurationList = 8430CE5D2430B18F00A5C9AB /* Build configuration list for PBXProject "Screenable" */;
			compatibilityVersion = "Xcode 9.3";
			developmentRegion = en;
			hasScannedForEncodings = 0;
			knownRegions = (
				en,
				Base,
			);
			mainGroup = 8430CE592430B18F00A5C9AB;
			productRefGroup = 8430CE632430B19000A5C9AB /* Products */;
			projectDirPath = "";
			projectRoot = "";
			targets = (
				8430CE612430B19000A5C9AB /* Screenable */,
			);
		};
/* End PBXProject section */

/* Begin PBXResourcesBuildPhase section */
		8430CE602430B19000A5C9AB /* Resources */ = {
			isa = PBXResourcesBuildPhase;
			buildActionMask = 2147483647;
			files = (
				8430CE7A2430B4E600A5C9AB /* fonts in Resources */,
				8430CE6C2430B19000A5C9AB /* Assets.xcassets in Resources */,
				8430CE782430B20600A5C9AB /* Main.storyboard in Resources */,
			);
			runOnlyForDeploymentPostprocessing = 0;
		};
/* End PBXResourcesBuildPhase section */

/* Begin PBXSourcesBuildPhase section */
		8430CE5E2430B19000A5C9AB /* Sources */ = {
			isa = PBXSourcesBuildPhase;
			buildActionMask = 2147483647;
			files = (
				8430CE682430B19000A5C9AB /* ViewController.swift in Sources */,
				8430CE662430B19000A5C9AB /* AppDelegate.swift in Sources */,
				8430CE6A2430B19000A5C9AB /* Document.swift in Sources */,
			);
			runOnlyForDeploymentPostprocessing = 0;
		};
/* End PBXSourcesBuildPhase section */

/* Begin XCBuildConfiguration section */
		8430CE722430B19000A5C9AB /* Debug */ = {
			isa = XCBuildConfiguration;
			buildSettings = {
				ALWAYS_SEARCH_USER_PATHS = NO;
				CLANG_ANALYZER_NONNULL = YES;
				CLANG_ANALYZER_NUMBER_OBJECT_CONVERSION = YES_AGGRESSIVE;
				CLANG_CXX_LANGUAGE_STANDARD = "gnu++14";
				CLANG_CXX_LIBRARY = "libc++";
				CLANG_ENABLE_MODULES = YES;
				CLANG_ENABLE_OBJC_ARC = YES;
				CLANG_ENABLE_OBJC_WEAK = YES;
				CLANG_WARN_BLOCK_CAPTURE_AUTORELEASING = YES;
				CLANG_WARN_BOOL_CONVERSION = YES;
				CLANG_WARN_COMMA = YES;
				CLANG_WARN_CONSTANT_CONVERSION = YES;
				CLANG_WARN_DEPRECATED_OBJC_IMPLEMENTATIONS = YES;
				CLANG_WARN_DIRECT_OBJC_ISA_USAGE = YES_ERROR;
				CLANG_WARN_DOCUMENTATION_COMMENTS = YES;
				CLANG_WARN_EMPTY_BODY = YES;
				CLANG_WARN_ENUM_CONVERSION = YES;
				CLANG_WARN_INFINITE_RECURSION = YES;
				CLANG_WARN_INT_CONVERSION = YES;
				CLANG_WARN_NON_LITERAL_NULL_CONVERSION = YES;
				CLANG_WARN_OBJC_IMPLICIT_RETAIN_SELF = YES;
				CLANG_WARN_OBJC_LITERAL_CONVERSION = YES;
				CLANG_WARN_OBJC_ROOT_CLASS = YES_ERROR;
				CLANG_WARN_RANGE_LOOP_ANALYSIS = YES;
				CLANG_WARN_STRICT_PROTOTYPES = YES;
				CLANG_WARN_SUSPICIOUS_MOVE = YES;
				CLANG_WARN_UNGUARDED_AVAILABILITY = YES_AGGRESSIVE;
				CLANG_WARN_UNREACHABLE_CODE = YES;
				CLANG_WARN__DUPLICATE_METHOD_MATCH = YES;
				COPY_PHASE_STRIP = NO;
				DEBUG_INFORMATION_FORMAT = dwarf;
				ENABLE_STRICT_OBJC_MSGSEND = YES;
				ENABLE_TESTABILITY = YES;
				GCC_C_LANGUAGE_STANDARD = gnu11;
				GCC_DYNAMIC_NO_PIC = NO;
				GCC_NO_COMMON_BLOCKS = YES;
				GCC_OPTIMIZATION_LEVEL = 0;
				GCC_PREPROCESSOR_DEFINITIONS = (
					"DEBUG=1",
					"$(inherited)",
				);
				GCC_WARN_64_TO_32_BIT_CONVERSION = YES;
				GCC_WARN_ABOUT_RETURN_TYPE = YES_ERROR;
				GCC_WARN_UNDECLARED_SELECTOR = YES;
				GCC_WARN_UNINITIALIZED_AUTOS = YES_AGGRESSIVE;
				GCC_WARN_UNUSED_FUNCTION = YES;
				GCC_WARN_UNUSED_VARIABLE = YES;
				MACOSX_DEPLOYMENT_TARGET = 10.15;
				MTL_ENABLE_DEBUG_INFO = INCLUDE_SOURCE;
				MTL_FAST_MATH = YES;
				ONLY_ACTIVE_ARCH = YES;
				SDKROOT = macosx;
				SWIFT_ACTIVE_COMPILATION_CONDITIONS = DEBUG;
				SWIFT_OPTIMIZATION_LEVEL = "-Onone";
			};
			name = Debug;
		};
		8430CE732430B19000A5C9AB /* Release */ = {
			isa = XCBuildConfiguration;
			buildSettings = {
				ALWAYS_SEARCH_USER_PATHS = NO;
				CLANG_ANALYZER_NONNULL = YES;
				CLANG_ANALYZER_NUMBER_OBJECT_CONVERSION = YES_AGGRESSIVE;
				CLANG_CXX_LANGUAGE_STANDARD = "gnu++14";
				CLANG_CXX_LIBRARY = "libc++";
				CLANG_ENABLE_MODULES = YES;
				CLANG_ENABLE_OBJC_ARC = YES;
				CLANG_ENABLE_OBJC_WEAK = YES;
				CLANG_WARN_BLOCK_CAPTURE_AUTORELEASING = YES;
				CLANG_WARN_BOOL_CONVERSION = YES;
				CLANG_WARN_COMMA = YES;
				CLANG_WARN_CONSTANT_CONVERSION = YES;
				CLANG_WARN_DEPRECATED_OBJC_IMPLEMENTATIONS = YES;
				CLANG_WARN_DIRECT_OBJC_ISA_USAGE = YES_ERROR;
				CLANG_WARN_DOCUMENTATION_COMMENTS = YES;
				CLANG_WARN_EMPTY_BODY = YES;
				CLANG_WARN_ENUM_CONVERSION = YES;
				CLANG_WARN_INFINITE_RECURSION = YES;
				CLANG_WARN_INT_CONVERSION = YES;
				CLANG_WARN_NON_LITERAL_NULL_CONVERSION = YES;
				CLANG_WARN_OBJC_IMPLICIT_RETAIN_SELF = YES;
				CLANG_WARN_OBJC_LITERAL_CONVERSION = YES;
				CLANG_WARN_OBJC_ROOT_CLASS = YES_ERROR;
				CLANG_WARN_RANGE_LOOP_ANALYSIS = YES;
				CLANG_WARN_STRICT_PROTOTYPES = YES;
				CLANG_WARN_SUSPICIOUS_MOVE = YES;
				CLANG_WARN_UNGUARDED_AVAILABILITY = YES_AGGRESSIVE;
				CLANG_WARN_UNREACHABLE_CODE = YES;
				CLANG_WARN__DUPLICATE_METHOD_MATCH = YES;
				COPY_PHASE_STRIP = NO;
				DEBUG_INFORMATION_FORMAT = "dwarf-with-dsym";
				ENABLE_NS_ASSERTIONS = NO;
				ENABLE_STRICT_OBJC_MSGSEND = YES;
				GCC_C_LANGUAGE_STANDARD = gnu11;
				GCC_NO_COMMON_BLOCKS = YES;
				GCC_WARN_64_TO_32_BIT_CONVERSION = YES;
				GCC_WARN_ABOUT_RETURN_TYPE = YES_ERROR;
				GCC_WARN_UNDECLARED_SELECTOR = YES;
				GCC_WARN_UNINITIALIZED_AUTOS = YES_AGGRESSIVE;
				GCC_WARN_UNUSED_FUNCTION = YES;
				GCC_WARN_UNUSED_VARIABLE = YES;
				MACOSX_DEPLOYMENT_TARGET = 10.15;
				MTL_ENABLE_DEBUG_INFO = NO;
				MTL_FAST_MATH = YES;
				SDKROOT = macosx;
				SWIFT_COMPILATION_MODE = wholemodule;
				SWIFT_OPTIMIZATION_LEVEL = "-O";
			};
			name = Release;
		};
		8430CE752430B19000A5C9AB /* Debug */ = {
			isa = XCBuildConfiguration;
			buildSettings = {
				ASSETCATALOG_COMPILER_APPICON_NAME = AppIcon;
				CODE_SIGN_ENTITLEMENTS = Screenable/Screenable.entitlements;
				CODE_SIGN_IDENTITY = "-";
				CODE_SIGN_STYLE = Automatic;
				COMBINE_HIDPI_IMAGES = YES;
				DEVELOPMENT_TEAM = 34Y9TWJX9G;
				ENABLE_HARDENED_RUNTIME = YES;
				INFOPLIST_FILE = Screenable/Info.plist;
				LD_RUNPATH_SEARCH_PATHS = (
					"$(inherited)",
					"@executable_path/../Frameworks",
				);
				PRODUCT_BUNDLE_IDENTIFIER = com.ruasvivien.Screenable;
				PRODUCT_NAME = "$(TARGET_NAME)";
				SWIFT_VERSION = 5.0;
			};
			name = Debug;
		};
		8430CE762430B19000A5C9AB /* Release */ = {
			isa = XCBuildConfiguration;
			buildSettings = {
				ASSETCATALOG_COMPILER_APPICON_NAME = AppIcon;
				CODE_SIGN_ENTITLEMENTS = Screenable/Screenable.entitlements;
				CODE_SIGN_IDENTITY = "-";
				CODE_SIGN_STYLE = Automatic;
				COMBINE_HIDPI_IMAGES = YES;
				DEVELOPMENT_TEAM = 34Y9TWJX9G;
				ENABLE_HARDENED_RUNTIME = YES;
				INFOPLIST_FILE = Screenable/Info.plist;
				LD_RUNPATH_SEARCH_PATHS = (
					"$(inherited)",
					"@executable_path/../Frameworks",
				);
				PRODUCT_BUNDLE_IDENTIFIER = com.ruasvivien.Screenable;
				PRODUCT_NAME = "$(TARGET_NAME)";
				SWIFT_VERSION = 5.0;
			};
			name = Release;
		};
/* End XCBuildConfiguration section */

/* Begin XCConfigurationList section */
		8430CE5D2430B18F00A5C9AB /* Build configuration list for PBXProject "Screenable" */ = {
			isa = XCConfigurationList;
			buildConfigurations = (
				8430CE722430B19000A5C9AB /* Debug */,
				8430CE732430B19000A5C9AB /* Release */,
			);
			defaultConfigurationIsVisible = 0;
			defaultConfigurationName = Release;
		};
		8430CE742430B19000A5C9AB /* Build configuration list for PBXNativeTarget "Screenable" */ = {
			isa = XCConfigurationList;
			buildConfigurations = (
				8430CE752430B19000A5C9AB /* Debug */,
				8430CE762430B19000A5C9AB /* Release */,
			);
			defaultConfigurationIsVisible = 0;
			defaultConfigurationName = Release;
		};
/* End XCConfigurationList section */
	};
	rootObject = 8430CE5A2430B18F00A5C9AB /* Project object */;
}
